
Microsoft Visual Studio Solution File, Format Version 12.00
# Visual Studio Version 17
VisualStudioVersion = 17.8.34316.72
MinimumVisualStudioVersion = 10.0.40219.1
Project("{FAE04EC0-301F-11D3-BF4B-00C04F79EFBC}") = "Silicon-BackOffice", "Silicon-BackOffice\Silicon-BackOffice\Silicon-BackOffice.csproj", "{6051878A-689E-4A41-89F6-AF58AEEAC68E}"
EndProject
Project("{FAE04EC0-301F-11D3-BF4B-00C04F79EFBC}") = "Silicon-BackOffice.Client", "Silicon-BackOffice\Silicon-BackOffice.Client\Silicon-BackOffice.Client.csproj", "{CA6DDAA1-FA9B-49D4-85B2-D9B8BDC6181E}"
EndProject
Global
	GlobalSection(SolutionConfigurationPlatforms) = preSolution
		Debug|Any CPU = Debug|Any CPU
		Release|Any CPU = Release|Any CPU
	EndGlobalSection
	GlobalSection(ProjectConfigurationPlatforms) = postSolution
		{6051878A-689E-4A41-89F6-AF58AEEAC68E}.Debug|Any CPU.ActiveCfg = Debug|Any CPU
		{6051878A-689E-4A41-89F6-AF58AEEAC68E}.Debug|Any CPU.Build.0 = Debug|Any CPU
		{6051878A-689E-4A41-89F6-AF58AEEAC68E}.Release|Any CPU.ActiveCfg = Release|Any CPU
		{6051878A-689E-4A41-89F6-AF58AEEAC68E}.Release|Any CPU.Build.0 = Release|Any CPU
		{CA6DDAA1-FA9B-49D4-85B2-D9B8BDC6181E}.Debug|Any CPU.ActiveCfg = Debug|Any CPU
		{CA6DDAA1-FA9B-49D4-85B2-D9B8BDC6181E}.Debug|Any CPU.Build.0 = Debug|Any CPU
		{CA6DDAA1-FA9B-49D4-85B2-D9B8BDC6181E}.Release|Any CPU.ActiveCfg = Release|Any CPU
		{CA6DDAA1-FA9B-49D4-85B2-D9B8BDC6181E}.Release|Any CPU.Build.0 = Release|Any CPU
	EndGlobalSection
	GlobalSection(SolutionProperties) = preSolution
		HideSolutionNode = FALSE
	EndGlobalSection
	GlobalSection(ExtensibilityGlobals) = postSolution
		SolutionGuid = {EBF7937C-165E-475D-8BFF-98C9861F6919}
	EndGlobalSection
EndGlobal
